// !$*UTF8*$!
{
	archiveVersion = 1;
	classes = {
	};
	objectVersion = 50;
	objects = {

/* Begin PBXBuildFile section */
		4585E5B223033D40003963B8 /* AppDelegate.swift in Sources */ = {isa = PBXBuildFile; fileRef = 4585E5B123033D40003963B8 /* AppDelegate.swift */; };
		4585E5B723033D40003963B8 /* Main.storyboard in Resources */ = {isa = PBXBuildFile; fileRef = 4585E5B523033D40003963B8 /* Main.storyboard */; };
		4585E5B923033D41003963B8 /* Assets.xcassets in Resources */ = {isa = PBXBuildFile; fileRef = 4585E5B823033D41003963B8 /* Assets.xcassets */; };
		4585E5BC23033D41003963B8 /* LaunchScreen.storyboard in Resources */ = {isa = PBXBuildFile; fileRef = 4585E5BA23033D41003963B8 /* LaunchScreen.storyboard */; };
		4585E5D2230490EA003963B8 /* POIsTableViewController.swift in Sources */ = {isa = PBXBuildFile; fileRef = 4585E5D1230490EA003963B8 /* POIsTableViewController.swift */; };
		4585E5D423049110003963B8 /* AddPOIViewController.swift in Sources */ = {isa = PBXBuildFile; fileRef = 4585E5D323049110003963B8 /* AddPOIViewController.swift */; };
		4585E5D623049125003963B8 /* POIDetailViewController.swift in Sources */ = {isa = PBXBuildFile; fileRef = 4585E5D523049125003963B8 /* POIDetailViewController.swift */; };
		4585E5D823049255003963B8 /* POITableViewCell.swift in Sources */ = {isa = PBXBuildFile; fileRef = 4585E5D723049255003963B8 /* POITableViewCell.swift */; };
		4585E5DA2304926F003963B8 /* POI.swift in Sources */ = {isa = PBXBuildFile; fileRef = 4585E5D92304926F003963B8 /* POI.swift */; };
/* End PBXBuildFile section */

/* Begin PBXFileReference section */
		4585E5AE23033D40003963B8 /* Grail-Diary.app */ = {isa = PBXFileReference; explicitFileType = wrapper.application; includeInIndex = 0; path = "Grail-Diary.app"; sourceTree = BUILT_PRODUCTS_DIR; };
		4585E5B123033D40003963B8 /* AppDelegate.swift */ = {isa = PBXFileReference; lastKnownFileType = sourcecode.swift; path = AppDelegate.swift; sourceTree = "<group>"; };
		4585E5B623033D40003963B8 /* Base */ = {isa = PBXFileReference; lastKnownFileType = file.storyboard; name = Base; path = Base.lproj/Main.storyboard; sourceTree = "<group>"; };
		4585E5B823033D41003963B8 /* Assets.xcassets */ = {isa = PBXFileReference; lastKnownFileType = folder.assetcatalog; path = Assets.xcassets; sourceTree = "<group>"; };
		4585E5BB23033D41003963B8 /* Base */ = {isa = PBXFileReference; lastKnownFileType = file.storyboard; name = Base; path = Base.lproj/LaunchScreen.storyboard; sourceTree = "<group>"; };
		4585E5BD23033D41003963B8 /* Info.plist */ = {isa = PBXFileReference; lastKnownFileType = text.plist.xml; path = Info.plist; sourceTree = "<group>"; };
		4585E5D1230490EA003963B8 /* POIsTableViewController.swift */ = {isa = PBXFileReference; lastKnownFileType = sourcecode.swift; path = POIsTableViewController.swift; sourceTree = "<group>"; };
		4585E5D323049110003963B8 /* AddPOIViewController.swift */ = {isa = PBXFileReference; lastKnownFileType = sourcecode.swift; path = AddPOIViewController.swift; sourceTree = "<group>"; };
		4585E5D523049125003963B8 /* POIDetailViewController.swift */ = {isa = PBXFileReference; lastKnownFileType = sourcecode.swift; path = POIDetailViewController.swift; sourceTree = "<group>"; };
		4585E5D723049255003963B8 /* POITableViewCell.swift */ = {isa = PBXFileReference; lastKnownFileType = sourcecode.swift; path = POITableViewCell.swift; sourceTree = "<group>"; };
		4585E5D92304926F003963B8 /* POI.swift */ = {isa = PBXFileReference; lastKnownFileType = sourcecode.swift; path = POI.swift; sourceTree = "<group>"; };
/* End PBXFileReference section */

/* Begin PBXFrameworksBuildPhase section */
		4585E5AB23033D40003963B8 /* Frameworks */ = {
			isa = PBXFrameworksBuildPhase;
			buildActionMask = 2147483647;
			files = (
			);
			runOnlyForDeploymentPostprocessing = 0;
		};
/* End PBXFrameworksBuildPhase section */

/* Begin PBXGroup section */
		4585E5A523033D40003963B8 = {
			isa = PBXGroup;
			children = (
				4585E5B023033D40003963B8 /* Grail-Diary */,
				4585E5AF23033D40003963B8 /* Products */,
			);
			sourceTree = "<group>";
		};
		4585E5AF23033D40003963B8 /* Products */ = {
			isa = PBXGroup;
			children = (
				4585E5AE23033D40003963B8 /* Grail-Diary.app */,
			);
			name = Products;
			sourceTree = "<group>";
		};
		4585E5B023033D40003963B8 /* Grail-Diary */ = {
			isa = PBXGroup;
			children = (
				4585E5B123033D40003963B8 /* AppDelegate.swift */,
				4585E5B523033D40003963B8 /* Main.storyboard */,
				4585E5B823033D41003963B8 /* Assets.xcassets */,
				4585E5BA23033D41003963B8 /* LaunchScreen.storyboard */,
				4585E5BD23033D41003963B8 /* Info.plist */,
				4585E5D1230490EA003963B8 /* POIsTableViewController.swift */,
				4585E5D323049110003963B8 /* AddPOIViewController.swift */,
				4585E5D523049125003963B8 /* POIDetailViewController.swift */,
				4585E5D723049255003963B8 /* POITableViewCell.swift */,
				4585E5D92304926F003963B8 /* POI.swift */,
			);
			path = "Grail-Diary";
			sourceTree = "<group>";
		};
/* End PBXGroup section */

/* Begin PBXNativeTarget section */
		4585E5AD23033D40003963B8 /* Grail-Diary */ = {
			isa = PBXNativeTarget;
			buildConfigurationList = 4585E5C023033D41003963B8 /* Build configuration list for PBXNativeTarget "Grail-Diary" */;
			buildPhases = (
				4585E5AA23033D40003963B8 /* Sources */,
				4585E5AB23033D40003963B8 /* Frameworks */,
				4585E5AC23033D40003963B8 /* Resources */,
			);
			buildRules = (
			);
			dependencies = (
			);
			name = "Grail-Diary";
			productName = "Grail-Diary";
			productReference = 4585E5AE23033D40003963B8 /* Grail-Diary.app */;
			productType = "com.apple.product-type.application";
		};
/* End PBXNativeTarget section */

/* Begin PBXProject section */
		4585E5A623033D40003963B8 /* Project object */ = {
			isa = PBXProject;
			attributes = {
				LastSwiftUpdateCheck = 1020;
				LastUpgradeCheck = 1020;
				ORGANIZATIONNAME = "Lambda School";
				TargetAttributes = {
					4585E5AD23033D40003963B8 = {
						CreatedOnToolsVersion = 10.2.1;
					};
				};
			};
			buildConfigurationList = 4585E5A923033D40003963B8 /* Build configuration list for PBXProject "Grail-Diary" */;
			compatibilityVersion = "Xcode 9.3";
			developmentRegion = en;
			hasScannedForEncodings = 0;
			knownRegions = (
				en,
				Base,
			);
			mainGroup = 4585E5A523033D40003963B8;
			productRefGroup = 4585E5AF23033D40003963B8 /* Products */;
			projectDirPath = "";
			projectRoot = "";
			targets = (
				4585E5AD23033D40003963B8 /* Grail-Diary */,
			);
		};
/* End PBXProject section */

/* Begin PBXResourcesBuildPhase section */
		4585E5AC23033D40003963B8 /* Resources */ = {
			isa = PBXResourcesBuildPhase;
			buildActionMask = 2147483647;
			files = (
				4585E5BC23033D41003963B8 /* LaunchScreen.storyboard in Resources */,
				4585E5B923033D41003963B8 /* Assets.xcassets in Resources */,
				4585E5B723033D40003963B8 /* Main.storyboard in Resources */,
			);
			runOnlyForDeploymentPostprocessing = 0;
		};
/* End PBXResourcesBuildPhase section */

/* Begin PBXSourcesBuildPhase section */
		4585E5AA23033D40003963B8 /* Sources */ = {
			isa = PBXSourcesBuildPhase;
			buildActionMask = 2147483647;
			files = (
				4585E5DA2304926F003963B8 /* POI.swift in Sources */,
				4585E5D2230490EA003963B8 /* POIsTableViewController.swift in Sources */,
				4585E5D423049110003963B8 /* AddPOIViewController.swift in Sources */,
				4585E5B223033D40003963B8 /* AppDelegate.swift in Sources */,
				4585E5D823049255003963B8 /* POITableViewCell.swift in Sources */,
				4585E5D623049125003963B8 /* POIDetailViewController.swift in Sources */,
			);
			runOnlyForDeploymentPostprocessing = 0;
		};
/* End PBXSourcesBuildPhase section */

/* Begin PBXVariantGroup section */
		4585E5B523033D40003963B8 /* Main.storyboard */ = {
			isa = PBXVariantGroup;
			children = (
				4585E5B623033D40003963B8 /* Base */,
			);
			name = Main.storyboard;
			sourceTree = "<group>";
		};
		4585E5BA23033D41003963B8 /* LaunchScreen.storyboard */ = {
			isa = PBXVariantGroup;
			children = (
				4585E5BB23033D41003963B8 /* Base */,
			);
			name = LaunchScreen.storyboard;
			sourceTree = "<group>";
		};
/* End PBXVariantGroup section */

/* Begin XCBuildConfiguration section */
		4585E5BE23033D41003963B8 /* Debug */ = {
			isa = XCBuildConfiguration;
			buildSettings = {
				ALWAYS_SEARCH_USER_PATHS = NO;
				CLANG_ANALYZER_NONNULL = YES;
				CLANG_ANALYZER_NUMBER_OBJECT_CONVERSION = YES_AGGRESSIVE;
				CLANG_CXX_LANGUAGE_STANDARD = "gnu++14";
				CLANG_CXX_LIBRARY = "libc++";
				CLANG_ENABLE_MODULES = YES;
				CLANG_ENABLE_OBJC_ARC = YES;
				CLANG_ENABLE_OBJC_WEAK = YES;
				CLANG_WARN_BLOCK_CAPTURE_AUTORELEASING = YES;
				CLANG_WARN_BOOL_CONVERSION = YES;
				CLANG_WARN_COMMA = YES;
				CLANG_WARN_CONSTANT_CONVERSION = YES;
				CLANG_WARN_DEPRECATED_OBJC_IMPLEMENTATIONS = YES;
				CLANG_WARN_DIRECT_OBJC_ISA_USAGE = YES_ERROR;
				CLANG_WARN_DOCUMENTATION_COMMENTS = YES;
				CLANG_WARN_EMPTY_BODY = YES;
				CLANG_WARN_ENUM_CONVERSION = YES;
				CLANG_WARN_INFINITE_RECURSION = YES;
				CLANG_WARN_INT_CONVERSION = YES;
				CLANG_WARN_NON_LITERAL_NULL_CONVERSION = YES;
				CLANG_WARN_OBJC_IMPLICIT_RETAIN_SELF = YES;
				CLANG_WARN_OBJC_LITERAL_CONVERSION = YES;
				CLANG_WARN_OBJC_ROOT_CLASS = YES_ERROR;
				CLANG_WARN_RANGE_LOOP_ANALYSIS = YES;
				CLANG_WARN_STRICT_PROTOTYPES = YES;
				CLANG_WARN_SUSPICIOUS_MOVE = YES;
				CLANG_WARN_UNGUARDED_AVAILABILITY = YES_AGGRESSIVE;
				CLANG_WARN_UNREACHABLE_CODE = YES;
				CLANG_WARN__DUPLICATE_METHOD_MATCH = YES;
				CODE_SIGN_IDENTITY = "iPhone Developer";
				COPY_PHASE_STRIP = NO;
				DEBUG_INFORMATION_FORMAT = dwarf;
				ENABLE_STRICT_OBJC_MSGSEND = YES;
				ENABLE_TESTABILITY = YES;
				GCC_C_LANGUAGE_STANDARD = gnu11;
				GCC_DYNAMIC_NO_PIC = NO;
				GCC_NO_COMMON_BLOCKS = YES;
				GCC_OPTIMIZATION_LEVEL = 0;
				GCC_PREPROCESSOR_DEFINITIONS = (
					"DEBUG=1",
					"$(inherited)",
				);
				GCC_WARN_64_TO_32_BIT_CONVERSION = YES;
				GCC_WARN_ABOUT_RETURN_TYPE = YES_ERROR;
				GCC_WARN_UNDECLARED_SELECTOR = YES;
				GCC_WARN_UNINITIALIZED_AUTOS = YES_AGGRESSIVE;
				GCC_WARN_UNUSED_FUNCTION = YES;
				GCC_WARN_UNUSED_VARIABLE = YES;
				IPHONEOS_DEPLOYMENT_TARGET = 12.2;
				MTL_ENABLE_DEBUG_INFO = INCLUDE_SOURCE;
				MTL_FAST_MATH = YES;
				ONLY_ACTIVE_ARCH = YES;
				SDKROOT = iphoneos;
				SWIFT_ACTIVE_COMPILATION_CONDITIONS = DEBUG;
				SWIFT_OPTIMIZATION_LEVEL = "-Onone";
			};
			name = Debug;
		};
		4585E5BF23033D41003963B8 /* Release */ = {
			isa = XCBuildConfiguration;
			buildSettings = {
				ALWAYS_SEARCH_USER_PATHS = NO;
				CLANG_ANALYZER_NONNULL = YES;
				CLANG_ANALYZER_NUMBER_OBJECT_CONVERSION = YES_AGGRESSIVE;
				CLANG_CXX_LANGUAGE_STANDARD = "gnu++14";
				CLANG_CXX_LIBRARY = "libc++";
				CLANG_ENABLE_MODULES = YES;
				CLANG_ENABLE_OBJC_ARC = YES;
				CLANG_ENABLE_OBJC_WEAK = YES;
				CLANG_WARN_BLOCK_CAPTURE_AUTORELEASING = YES;
				CLANG_WARN_BOOL_CONVERSION = YES;
				CLANG_WARN_COMMA = YES;
				CLANG_WARN_CONSTANT_CONVERSION = YES;
				CLANG_WARN_DEPRECATED_OBJC_IMPLEMENTATIONS = YES;
				CLANG_WARN_DIRECT_OBJC_ISA_USAGE = YES_ERROR;
				CLANG_WARN_DOCUMENTATION_COMMENTS = YES;
				CLANG_WARN_EMPTY_BODY = YES;
				CLANG_WARN_ENUM_CONVERSION = YES;
				CLANG_WARN_INFINITE_RECURSION = YES;
				CLANG_WARN_INT_CONVERSION = YES;
				CLANG_WARN_NON_LITERAL_NULL_CONVERSION = YES;
				CLANG_WARN_OBJC_IMPLICIT_RETAIN_SELF = YES;
				CLANG_WARN_OBJC_LITERAL_CONVERSION = YES;
				CLANG_WARN_OBJC_ROOT_CLASS = YES_ERROR;
				CLANG_WARN_RANGE_LOOP_ANALYSIS = YES;
				CLANG_WARN_STRICT_PROTOTYPES = YES;
				CLANG_WARN_SUSPICIOUS_MOVE = YES;
				CLANG_WARN_UNGUARDED_AVAILABILITY = YES_AGGRESSIVE;
				CLANG_WARN_UNREACHABLE_CODE = YES;
				CLANG_WARN__DUPLICATE_METHOD_MATCH = YES;
				CODE_SIGN_IDENTITY = "iPhone Developer";
				COPY_PHASE_STRIP = NO;
				DEBUG_INFORMATION_FORMAT = "dwarf-with-dsym";
				ENABLE_NS_ASSERTIONS = NO;
				ENABLE_STRICT_OBJC_MSGSEND = YES;
				GCC_C_LANGUAGE_STANDARD = gnu11;
				GCC_NO_COMMON_BLOCKS = YES;
				GCC_WARN_64_TO_32_BIT_CONVERSION = YES;
				GCC_WARN_ABOUT_RETURN_TYPE = YES_ERROR;
				GCC_WARN_UNDECLARED_SELECTOR = YES;
				GCC_WARN_UNINITIALIZED_AUTOS = YES_AGGRESSIVE;
				GCC_WARN_UNUSED_FUNCTION = YES;
				GCC_WARN_UNUSED_VARIABLE = YES;
				IPHONEOS_DEPLOYMENT_TARGET = 12.2;
				MTL_ENABLE_DEBUG_INFO = NO;
				MTL_FAST_MATH = YES;
				SDKROOT = iphoneos;
				SWIFT_COMPILATION_MODE = wholemodule;
				SWIFT_OPTIMIZATION_LEVEL = "-O";
				VALIDATE_PRODUCT = YES;
			};
			name = Release;
		};
		4585E5C123033D41003963B8 /* Debug */ = {
			isa = XCBuildConfiguration;
			buildSettings = {
				ASSETCATALOG_COMPILER_APPICON_NAME = AppIcon;
				CODE_SIGN_STYLE = Automatic;
				INFOPLIST_FILE = "Grail-Diary/Info.plist";
				LD_RUNPATH_SEARCH_PATHS = (
					"$(inherited)",
					"@executable_path/Frameworks",
				);
				PRODUCT_BUNDLE_IDENTIFIER = "com.flash.Grail-Diary";
				PRODUCT_NAME = "$(TARGET_NAME)";
				SWIFT_VERSION = 5.0;
				TARGETED_DEVICE_FAMILY = "1,2";
			};
			name = Debug;
		};
		4585E5C223033D41003963B8 /* Release */ = {
			isa = XCBuildConfiguration;
			buildSettings = {
				ASSETCATALOG_COMPILER_APPICON_NAME = AppIcon;
				CODE_SIGN_STYLE = Automatic;
				INFOPLIST_FILE = "Grail-Diary/Info.plist";
				LD_RUNPATH_SEARCH_PATHS = (
					"$(inherited)",
					"@executable_path/Frameworks",
				);
				PRODUCT_BUNDLE_IDENTIFIER = "com.flash.Grail-Diary";
				PRODUCT_NAME = "$(TARGET_NAME)";
				SWIFT_VERSION = 5.0;
				TARGETED_DEVICE_FAMILY = "1,2";
			};
			name = Release;
		};
/* End XCBuildConfiguration section */

/* Begin XCConfigurationList section */
		4585E5A923033D40003963B8 /* Build configuration list for PBXProject "Grail-Diary" */ = {
			isa = XCConfigurationList;
			buildConfigurations = (
				4585E5BE23033D41003963B8 /* Debug */,
				4585E5BF23033D41003963B8 /* Release */,
			);
			defaultConfigurationIsVisible = 0;
			defaultConfigurationName = Release;
		};
		4585E5C023033D41003963B8 /* Build configuration list for PBXNativeTarget "Grail-Diary" */ = {
			isa = XCConfigurationList;
			buildConfigurations = (
				4585E5C123033D41003963B8 /* Debug */,
				4585E5C223033D41003963B8 /* Release */,
			);
			defaultConfigurationIsVisible = 0;
			defaultConfigurationName = Release;
		};
/* End XCConfigurationList section */
	};
	rootObject = 4585E5A623033D40003963B8 /* Project object */;
}
